<?xml version="1.0" encoding="utf-8"?>
<Project ToolsVersion="4.0" xmlns="http://schemas.microsoft.com/developer/msbuild/2003">
  <ItemGroup>
    <Filter Include="token">
      <UniqueIdentifier>{46CD7010-B2E1-98C1-7B63-3C21E73695F2}</UniqueIdentifier>
    </Filter>
    <Filter Include="virtual_machine">
      <UniqueIdentifier>{A0095AAC-0C95-C770-15A6-4A6581B02371}</UniqueIdentifier>
    </Filter>
  </ItemGroup>
  <ItemGroup>
    <ClInclude Include="src\token\token.h">
      <Filter>token</Filter>
    </ClInclude>
    <ClInclude Include="src\token\token_list.h">
      <Filter>token</Filter>
    </ClInclude>
    <ClInclude Include="src\token\token_result.h">
      <Filter>token</Filter>
    </ClInclude>
    <ClInclude Include="src\token\token_type.h">
      <Filter>token</Filter>
    </ClInclude>
    <ClInclude Include="src\virtual_machine\virtual_machine.h">
      <Filter>virtual_machine</Filter>
    </ClInclude>
    <ClInclude Include="src\virtual_machine\stack.h">
      <Filter>virtual_machine</Filter>
    </ClInclude>
    <ClInclude Include="src\virtual_machine\vm_types.h">
      <Filter>virtual_machine</Filter>
    </ClInclude>
  </ItemGroup>
  <ItemGroup>
    <ClCompile Include="src\main.c" />
    <ClCompile Include="src\token\token.c">
      <Filter>token</Filter>
    </ClCompile>
    <ClCompile Include="src\token\token_list.c">
      <Filter>token</Filter>
    </ClCompile>
    <ClCompile Include="src\token\token_result.c">
      <Filter>token</Filter>
    </ClCompile>
    <ClCompile Include="src\virtual_machine\virtual_machine.c">
      <Filter>virtual_machine</Filter>
    </ClCompile>
    <ClCompile Include="src\virtual_machine\stack.c">
      <Filter>virtual_machine</Filter>
    </ClCompile>
  </ItemGroup>
</Project>